
Microsoft Visual Studio Solution File, Format Version 12.00
# Visual Studio 2013
VisualStudioVersion = 12.0.40629.0
MinimumVisualStudioVersion = 10.0.40219.1
Project("{FAE04EC0-301F-11D3-BF4B-00C04F79EFBC}") = "Traffic Capture", "Traffic Capture\Traffic Capture.csproj", "{DCD9992C-DB69-48D7-848E-145AA4CF9919}"
EndProject
Project("{FAE04EC0-301F-11D3-BF4B-00C04F79EFBC}") = "CaptureDemo", "CaptureDemo\CaptureDemo.csproj", "{42874531-1787-43D2-BAA7-6F50D1902959}"
EndProject
Global
	GlobalSection(SolutionConfigurationPlatforms) = preSolution
		Debug|Any CPU = Debug|Any CPU
		Release|Any CPU = Release|Any CPU
	EndGlobalSection
	GlobalSection(ProjectConfigurationPlatforms) = postSolution
		{DCD9992C-DB69-48D7-848E-145AA4CF9919}.Debug|Any CPU.ActiveCfg = Debug|Any CPU
		{DCD9992C-DB69-48D7-848E-145AA4CF9919}.Debug|Any CPU.Build.0 = Debug|Any CPU
		{DCD9992C-DB69-48D7-848E-145AA4CF9919}.Release|Any CPU.ActiveCfg = Release|Any CPU
		{DCD9992C-DB69-48D7-848E-145AA4CF9919}.Release|Any CPU.Build.0 = Release|Any CPU
		{42874531-1787-43D2-BAA7-6F50D1902959}.Debug|Any CPU.ActiveCfg = Debug|Any CPU
		{42874531-1787-43D2-BAA7-6F50D1902959}.Debug|Any CPU.Build.0 = Debug|Any CPU
		{42874531-1787-43D2-BAA7-6F50D1902959}.Release|Any CPU.ActiveCfg = Release|Any CPU
		{42874531-1787-43D2-BAA7-6F50D1902959}.Release|Any CPU.Build.0 = Release|Any CPU
	EndGlobalSection
	GlobalSection(SolutionProperties) = preSolution
		HideSolutionNode = FALSE
	EndGlobalSection
EndGlobal
